
Microsoft Visual Studio Solution File, Format Version 12.00
# Visual Studio Version 17
VisualStudioVersion = 17.0.31903.59
MinimumVisualStudioVersion = 10.0.40219.1
Project("{2150E333-8FDC-42A3-9474-1A3956D46DE8}") = "src", "src", "{025E973C-CA73-467C-AD12-BDC2EC7751D8}"
EndProject
Project("{9A19103F-16F7-4668-BE54-9A1E7A4F7556}") = "Azure.OpenAI.SemanticKernel.ChatApp", "src\Azure.OpenAI.SemanticKernel.ChatApp\Azure.OpenAI.SemanticKernel.ChatApp.csproj", "{E9B61C4C-3754-4DDC-9FFE-948E645708B1}"
EndProject
Project("{2150E333-8FDC-42A3-9474-1A3956D46DE8}") = "Solution Items", "Solution Items", "{BE530263-886A-4E5F-A3DC-29095C464C1D}"
	ProjectSection(SolutionItems) = preProject
		.gitignore = .gitignore
		LICENSE = LICENSE
		README.md = README.md
	EndProjectSection
EndProject
Global
	GlobalSection(SolutionConfigurationPlatforms) = preSolution
		Debug|Any CPU = Debug|Any CPU
		Release|Any CPU = Release|Any CPU
	EndGlobalSection
	GlobalSection(ProjectConfigurationPlatforms) = postSolution
		{E9B61C4C-3754-4DDC-9FFE-948E645708B1}.Debug|Any CPU.ActiveCfg = Debug|Any CPU
		{E9B61C4C-3754-4DDC-9FFE-948E645708B1}.Debug|Any CPU.Build.0 = Debug|Any CPU
		{E9B61C4C-3754-4DDC-9FFE-948E645708B1}.Release|Any CPU.ActiveCfg = Release|Any CPU
		{E9B61C4C-3754-4DDC-9FFE-948E645708B1}.Release|Any CPU.Build.0 = Release|Any CPU
	EndGlobalSection
	GlobalSection(SolutionProperties) = preSolution
		HideSolutionNode = FALSE
	EndGlobalSection
	GlobalSection(NestedProjects) = preSolution
		{E9B61C4C-3754-4DDC-9FFE-948E645708B1} = {025E973C-CA73-467C-AD12-BDC2EC7751D8}
	EndGlobalSection
EndGlobal
